
Microsoft Visual Studio Solution File, Format Version 12.00
# Visual Studio Version 17
VisualStudioVersion = 17.8.34309.116
MinimumVisualStudioVersion = 10.0.40219.1
Project("{FAE04EC0-301F-11D3-BF4B-00C04F79EFBC}") = "curso-crisTech", "curso-crisTech\curso-crisTech.csproj", "{EC2F437F-EE50-4931-82A1-D40F7B083424}"
EndProject
Global
	GlobalSection(SolutionConfigurationPlatforms) = preSolution
		Debug|Any CPU = Debug|Any CPU
		Release|Any CPU = Release|Any CPU
	EndGlobalSection
	GlobalSection(ProjectConfigurationPlatforms) = postSolution
		{EC2F437F-EE50-4931-82A1-D40F7B083424}.Debug|Any CPU.ActiveCfg = Debug|Any CPU
		{EC2F437F-EE50-4931-82A1-D40F7B083424}.Debug|Any CPU.Build.0 = Debug|Any CPU
		{EC2F437F-EE50-4931-82A1-D40F7B083424}.Release|Any CPU.ActiveCfg = Release|Any CPU
		{EC2F437F-EE50-4931-82A1-D40F7B083424}.Release|Any CPU.Build.0 = Release|Any CPU
	EndGlobalSection
	GlobalSection(SolutionProperties) = preSolution
		HideSolutionNode = FALSE
	EndGlobalSection
	GlobalSection(ExtensibilityGlobals) = postSolution
		SolutionGuid = {3EDB0228-7F64-4BD1-9794-EE0AD807F3B3}
	EndGlobalSection
EndGlobal
